
Microsoft Visual Studio Solution File, Format Version 12.00
# Visual Studio Version 16
VisualStudioVersion = 16.0.32901.82
MinimumVisualStudioVersion = 10.0.40219.1
Project("{FAE04EC0-301F-11D3-BF4B-00C04F79EFBC}") = "WpfTanks", "WpfTanks\WpfTanks.csproj", "{5764C2E5-6BEE-4FE1-9642-B788282C7E10}"
EndProject
Global
	GlobalSection(SolutionConfigurationPlatforms) = preSolution
		Debug|Any CPU = Debug|Any CPU
		Release|Any CPU = Release|Any CPU
	EndGlobalSection
	GlobalSection(ProjectConfigurationPlatforms) = postSolution
		{5764C2E5-6BEE-4FE1-9642-B788282C7E10}.Debug|Any CPU.ActiveCfg = Debug|Any CPU
		{5764C2E5-6BEE-4FE1-9642-B788282C7E10}.Debug|Any CPU.Build.0 = Debug|Any CPU
		{5764C2E5-6BEE-4FE1-9642-B788282C7E10}.Release|Any CPU.ActiveCfg = Release|Any CPU
		{5764C2E5-6BEE-4FE1-9642-B788282C7E10}.Release|Any CPU.Build.0 = Release|Any CPU
	EndGlobalSection
	GlobalSection(SolutionProperties) = preSolution
		HideSolutionNode = FALSE
	EndGlobalSection
	GlobalSection(ExtensibilityGlobals) = postSolution
		SolutionGuid = {B74DE1D4-C194-45DB-8A4C-56B3F117E4E5}
	EndGlobalSection
EndGlobal
